{
    "_readme": [
        "This file locks the dependencies of your project to a known state",
        "Read more about it at https://getcomposer.org/doc/01-basic-usage.md#composer-lock-the-lock-file",
        "This file is @generated automatically"
    ],
    "hash": "040dccae983b001612b27ead8401d26f",
    "content-hash": "ee3642f20197fb070fbf7abdc0414b93",
    "packages": [
        {
            "name": "dg/ftp-php",
            "version": "v1.2.0",
            "source": {
                "type": "git",
                "url": "https://github.com/dg/ftp-php.git",
                "reference": "6e28a2c0e1ae5baba037558d140c8ffaa54e7a10"
            },
            "dist": {
                "type": "zip",
                "url": "https://api.github.com/repos/dg/ftp-php/zipball/6e28a2c0e1ae5baba037558d140c8ffaa54e7a10",
                "reference": "6e28a2c0e1ae5baba037558d140c8ffaa54e7a10",
                "shasum": ""
            },
            "type": "library",
            "autoload": {
                "classmap": [
                    "src/"
                ]
            },
            "notification-url": "https://packagist.org/downloads/",
            "license": [
                "BSD-3-Clause"
            ],
            "authors": [
                {
                    "name": "David Grudl",
                    "homepage": "http://davidgrudl.com"
                }
            ],
            "description": "Easy-to-use library for accessing FTP servers",
            "homepage": "https://github.com/dg/ftp-php",
            "keywords": [
                "ftp"
            ],
            "time": "2015-07-02 12:16:59"
        },
        {
            "name": "ifsnop/mysqldump-php",
            "version": "v2.6",
            "source": {
                "type": "git",
                "url": "https://github.com/ifsnop/mysqldump-php.git",
                "reference": "d830857e93c3f309fd63768c0fe6d13d9240fc70"
            },
            "dist": {
                "type": "zip",
                "url": "https://api.github.com/repos/ifsnop/mysqldump-php/zipball/d830857e93c3f309fd63768c0fe6d13d9240fc70",
                "reference": "d830857e93c3f309fd63768c0fe6d13d9240fc70",
                "shasum": ""
            },
            "require": {
                "php": ">=5.3.0"
            },
            "require-dev": {
                "squizlabs/php_codesniffer": "1.*"
            },
            "type": "library",
            "autoload": {
                "psr-4": {
                    "Ifsnop\\": "src/Ifsnop/"
                }
            },
            "notification-url": "https://packagist.org/downloads/",
            "license": [
                "GPL-3.0-or-later"
            ],
            "authors": [
                {
                    "name": "Diego Torres",
                    "homepage": "https://github.com/ifsnop",
                    "role": "Developer"
                }
            ],
            "description": "PHP version of mysqldump cli that comes with MySQL",
            "homepage": "https://github.com/ifsnop/mysqldump-php",
            "keywords": [
                "PHP7",
                "database",
                "hhvm",
                "mariadb",
                "mysql",
                "mysql-backup",
                "mysqldump",
                "pdo",
                "php",
                "php5",
                "sql"
            ],
            "time": "2018-12-27 00:33:19"
        }
    ],
    "packages-dev": [],
    "aliases": [],
    "minimum-stability": "stable",
    "stability-flags": [],
    "prefer-stable": false,
    "prefer-lowest": false,
    "platform": [],
    "platform-dev": []
}
